
Microsoft Visual Studio Solution File, Format Version 12.00
# Visual Studio Version 17
VisualStudioVersion = 17.0.31903.59
MinimumVisualStudioVersion = 10.0.40219.1
Project("{2150E333-8FDC-42A3-9474-1A3956D46DE8}") = "src", "src", "{827E0CD3-B72D-47B6-A68D-7590B98EB39B}"
EndProject
Project("{FAE04EC0-301F-11D3-BF4B-00C04F79EFBC}") = "Mazesta.Core", "src\Mazesta.Core\Mazesta.Core.csproj", "{65541E0A-5B8E-4BB8-937A-FEE4D9165F5C}"
EndProject
Project("{FAE04EC0-301F-11D3-BF4B-00C04F79EFBC}") = "Mazesta.Desktop", "src\Mazesta.Desktop\Mazesta.Desktop.csproj", "{1C8345D7-7CA9-4BD1-8538-E53A5FA78281}"
EndProject
Project("{FAE04EC0-301F-11D3-BF4B-00C04F79EFBC}") = "Mazesta.Hardware", "src\Mazesta.Hardware\Mazesta.Hardware.csproj", "{ADC7044A-C184-4DBC-8A78-A785A3CB3362}"
EndProject
Project("{FAE04EC0-301F-11D3-BF4B-00C04F79EFBC}") = "Mazesta.Monitoring", "src\Mazesta.Monitoring\Mazesta.Monitoring.csproj", "{98B2CF5E-9369-43CB-9FC4-493648F7C5CA}"
EndProject
Project("{FAE04EC0-301F-11D3-BF4B-00C04F79EFBC}") = "Mazesta.Persistence", "src\Mazesta.Persistence\Mazesta.Persistence.csproj", "{ED192F09-6AA9-427C-A80B-A980CF413796}"
EndProject
Project("{2150E333-8FDC-42A3-9474-1A3956D46DE8}") = "tests", "tests", "{0AB3BF05-4346-4AA6-1389-037BE0695223}"
EndProject
Project("{FAE04EC0-301F-11D3-BF4B-00C04F79EFBC}") = "Mazesta.Core.Tests", "tests\Mazesta.Core.Tests\Mazesta.Core.Tests.csproj", "{F13DEA72-89E3-4428-9223-E3836BDBF98F}"
EndProject
Project("{FAE04EC0-301F-11D3-BF4B-00C04F79EFBC}") = "Mazesta.Hardware.Tests", "tests\Mazesta.Hardware.Tests\Mazesta.Hardware.Tests.csproj", "{DBF5CA5A-67AB-49FE-AC01-4711B676591C}"
EndProject
Project("{FAE04EC0-301F-11D3-BF4B-00C04F79EFBC}") = "Mazesta.Monitoring.Tests", "tests\Mazesta.Monitoring.Tests\Mazesta.Monitoring.Tests.csproj", "{F3318C31-53EB-454D-B40F-96A0457325E7}"
EndProject
Project("{FAE04EC0-301F-11D3-BF4B-00C04F79EFBC}") = "Mazesta.Persistence.Tests", "tests\Mazesta.Persistence.Tests\Mazesta.Persistence.Tests.csproj", "{5F90360D-79FB-4322-A616-927BFCA8BE86}"
EndProject
Project("{FAE04EC0-301F-11D3-BF4B-00C04F79EFBC}") = "Mazesta.Desktop.Tests", "tests\Mazesta.Desktop.Tests\Mazesta.Desktop.Tests.csproj", "{4426A1F1-C563-41DD-B6BD-188EE700CEC9}"
EndProject
Project("{FAE04EC0-301F-11D3-BF4B-00C04F79EFBC}") = "Mazesta.Diagnostics", "src\Mazesta.Diagnostics\Mazesta.Diagnostics.csproj", "{2D281D6F-6E71-4A12-84E7-6D1D9C971F29}"
EndProject
Project("{FAE04EC0-301F-11D3-BF4B-00C04F79EFBC}") = "Mazesta.Diagnostics.Tests", "tests\Mazesta.Diagnostics.Tests\Mazesta.Diagnostics.Tests.csproj", "{E587E1AC-C5E5-4CED-88A6-CC4E30DEC692}"
EndProject
Project("{FAE04EC0-301F-11D3-BF4B-00C04F79EFBC}") = "Mazesta.Diagnostics.Gpu", "src\Mazesta.Diagnostics.Gpu\Mazesta.Diagnostics.Gpu.csproj", "{9E05563E-7292-4154-B6A8-A39FCB36BCEC}"
EndProject
Project("{FAE04EC0-301F-11D3-BF4B-00C04F79EFBC}") = "Mazesta.Diagnostics.Gpu.Tests", "tests\Mazesta.Diagnostics.Gpu.Tests\Mazesta.Diagnostics.Gpu.Tests.csproj", "{7FA064F1-FE1B-498E-9391-63E739D45133}"
EndProject
Global
	GlobalSection(SolutionConfigurationPlatforms) = preSolution
		Debug|Any CPU = Debug|Any CPU
		Debug|x64 = Debug|x64
		Debug|x86 = Debug|x86
		Release|Any CPU = Release|Any CPU
		Release|x64 = Release|x64
		Release|x86 = Release|x86
	EndGlobalSection
	GlobalSection(ProjectConfigurationPlatforms) = postSolution
		{65541E0A-5B8E-4BB8-937A-FEE4D9165F5C}.Debug|Any CPU.ActiveCfg = Debug|Any CPU
		{65541E0A-5B8E-4BB8-937A-FEE4D9165F5C}.Debug|Any CPU.Build.0 = Debug|Any CPU
		{65541E0A-5B8E-4BB8-937A-FEE4D9165F5C}.Debug|x64.ActiveCfg = Debug|Any CPU
		{65541E0A-5B8E-4BB8-937A-FEE4D9165F5C}.Debug|x64.Build.0 = Debug|Any CPU
		{65541E0A-5B8E-4BB8-937A-FEE4D9165F5C}.Debug|x86.ActiveCfg = Debug|Any CPU
		{65541E0A-5B8E-4BB8-937A-FEE4D9165F5C}.Debug|x86.Build.0 = Debug|Any CPU
		{65541E0A-5B8E-4BB8-937A-FEE4D9165F5C}.Release|Any CPU.ActiveCfg = Release|Any CPU
		{65541E0A-5B8E-4BB8-937A-FEE4D9165F5C}.Release|Any CPU.Build.0 = Release|Any CPU
		{65541E0A-5B8E-4BB8-937A-FEE4D9165F5C}.Release|x64.ActiveCfg = Release|Any CPU
		{65541E0A-5B8E-4BB8-937A-FEE4D9165F5C}.Release|x64.Build.0 = Release|Any CPU
		{65541E0A-5B8E-4BB8-937A-FEE4D9165F5C}.Release|x86.ActiveCfg = Release|Any CPU
		{65541E0A-5B8E-4BB8-937A-FEE4D9165F5C}.Release|x86.Build.0 = Release|Any CPU
		{1C8345D7-7CA9-4BD1-8538-E53A5FA78281}.Debug|Any CPU.ActiveCfg = Debug|Any CPU
		{1C8345D7-7CA9-4BD1-8538-E53A5FA78281}.Debug|Any CPU.Build.0 = Debug|Any CPU
		{1C8345D7-7CA9-4BD1-8538-E53A5FA78281}.Debug|x64.ActiveCfg = Debug|Any CPU
		{1C8345D7-7CA9-4BD1-8538-E53A5FA78281}.Debug|x64.Build.0 = Debug|Any CPU
		{1C8345D7-7CA9-4BD1-8538-E53A5FA78281}.Debug|x86.ActiveCfg = Debug|Any CPU
		{1C8345D7-7CA9-4BD1-8538-E53A5FA78281}.Debug|x86.Build.0 = Debug|Any CPU
		{1C8345D7-7CA9-4BD1-8538-E53A5FA78281}.Release|Any CPU.ActiveCfg = Release|Any CPU
		{1C8345D7-7CA9-4BD1-8538-E53A5FA78281}.Release|Any CPU.Build.0 = Release|Any CPU
		{1C8345D7-7CA9-4BD1-8538-E53A5FA78281}.Release|x64.ActiveCfg = Release|Any CPU
		{1C8345D7-7CA9-4BD1-8538-E53A5FA78281}.Release|x64.Build.0 = Release|Any CPU
		{1C8345D7-7CA9-4BD1-8538-E53A5FA78281}.Release|x86.ActiveCfg = Release|Any CPU
		{1C8345D7-7CA9-4BD1-8538-E53A5FA78281}.Release|x86.Build.0 = Release|Any CPU
		{ADC7044A-C184-4DBC-8A78-A785A3CB3362}.Debug|Any CPU.ActiveCfg = Debug|Any CPU
		{ADC7044A-C184-4DBC-8A78-A785A3CB3362}.Debug|Any CPU.Build.0 = Debug|Any CPU
		{ADC7044A-C184-4DBC-8A78-A785A3CB3362}.Debug|x64.ActiveCfg = Debug|Any CPU
		{ADC7044A-C184-4DBC-8A78-A785A3CB3362}.Debug|x64.Build.0 = Debug|Any CPU
		{ADC7044A-C184-4DBC-8A78-A785A3CB3362}.Debug|x86.ActiveCfg = Debug|Any CPU
		{ADC7044A-C184-4DBC-8A78-A785A3CB3362}.Debug|x86.Build.0 = Debug|Any CPU
		{ADC7044A-C184-4DBC-8A78-A785A3CB3362}.Release|Any CPU.ActiveCfg = Release|Any CPU
		{ADC7044A-C184-4DBC-8A78-A785A3CB3362}.Release|Any CPU.Build.0 = Release|Any CPU
		{ADC7044A-C184-4DBC-8A78-A785A3CB3362}.Release|x64.ActiveCfg = Release|Any CPU
		{ADC7044A-C184-4DBC-8A78-A785A3CB3362}.Release|x64.Build.0 = Release|Any CPU
		{ADC7044A-C184-4DBC-8A78-A785A3CB3362}.Release|x86.ActiveCfg = Release|Any CPU
		{ADC7044A-C184-4DBC-8A78-A785A3CB3362}.Release|x86.Build.0 = Release|Any CPU
		{98B2CF5E-9369-43CB-9FC4-493648F7C5CA}.Debug|Any CPU.ActiveCfg = Debug|Any CPU
		{98B2CF5E-9369-43CB-9FC4-493648F7C5CA}.Debug|Any CPU.Build.0 = Debug|Any CPU
		{98B2CF5E-9369-43CB-9FC4-493648F7C5CA}.Debug|x64.ActiveCfg = Debug|Any CPU
		{98B2CF5E-9369-43CB-9FC4-493648F7C5CA}.Debug|x64.Build.0 = Debug|Any CPU
		{98B2CF5E-9369-43CB-9FC4-493648F7C5CA}.Debug|x86.ActiveCfg = Debug|Any CPU
		{98B2CF5E-9369-43CB-9FC4-493648F7C5CA}.Debug|x86.Build.0 = Debug|Any CPU
		{98B2CF5E-9369-43CB-9FC4-493648F7C5CA}.Release|Any CPU.ActiveCfg = Release|Any CPU
		{98B2CF5E-9369-43CB-9FC4-493648F7C5CA}.Release|Any CPU.Build.0 = Release|Any CPU
		{98B2CF5E-9369-43CB-9FC4-493648F7C5CA}.Release|x64.ActiveCfg = Release|Any CPU
		{98B2CF5E-9369-43CB-9FC4-493648F7C5CA}.Release|x64.Build.0 = Release|Any CPU
		{98B2CF5E-9369-43CB-9FC4-493648F7C5CA}.Release|x86.ActiveCfg = Release|Any CPU
		{98B2CF5E-9369-43CB-9FC4-493648F7C5CA}.Release|x86.Build.0 = Release|Any CPU
		{ED192F09-6AA9-427C-A80B-A980CF413796}.Debug|Any CPU.ActiveCfg = Debug|Any CPU
		{ED192F09-6AA9-427C-A80B-A980CF413796}.Debug|Any CPU.Build.0 = Debug|Any CPU
		{ED192F09-6AA9-427C-A80B-A980CF413796}.Debug|x64.ActiveCfg = Debug|Any CPU
		{ED192F09-6AA9-427C-A80B-A980CF413796}.Debug|x64.Build.0 = Debug|Any CPU
		{ED192F09-6AA9-427C-A80B-A980CF413796}.Debug|x86.ActiveCfg = Debug|Any CPU
		{ED192F09-6AA9-427C-A80B-A980CF413796}.Debug|x86.Build.0 = Debug|Any CPU
		{ED192F09-6AA9-427C-A80B-A980CF413796}.Release|Any CPU.ActiveCfg = Release|Any CPU
		{ED192F09-6AA9-427C-A80B-A980CF413796}.Release|Any CPU.Build.0 = Release|Any CPU
		{ED192F09-6AA9-427C-A80B-A980CF413796}.Release|x64.ActiveCfg = Release|Any CPU
		{ED192F09-6AA9-427C-A80B-A980CF413796}.Release|x64.Build.0 = Release|Any CPU
		{ED192F09-6AA9-427C-A80B-A980CF413796}.Release|x86.ActiveCfg = Release|Any CPU
		{ED192F09-6AA9-427C-A80B-A980CF413796}.Release|x86.Build.0 = Release|Any CPU
		{F13DEA72-89E3-4428-9223-E3836BDBF98F}.Debug|Any CPU.ActiveCfg = Debug|Any CPU
		{F13DEA72-89E3-4428-9223-E3836BDBF98F}.Debug|Any CPU.Build.0 = Debug|Any CPU
		{F13DEA72-89E3-4428-9223-E3836BDBF98F}.Debug|x64.ActiveCfg = Debug|Any CPU
		{F13DEA72-89E3-4428-9223-E3836BDBF98F}.Debug|x64.Build.0 = Debug|Any CPU
		{F13DEA72-89E3-4428-9223-E3836BDBF98F}.Debug|x86.ActiveCfg = Debug|Any CPU
		{F13DEA72-89E3-4428-9223-E3836BDBF98F}.Debug|x86.Build.0 = Debug|Any CPU
		{F13DEA72-89E3-4428-9223-E3836BDBF98F}.Release|Any CPU.ActiveCfg = Release|Any CPU
		{F13DEA72-89E3-4428-9223-E3836BDBF98F}.Release|Any CPU.Build.0 = Release|Any CPU
		{F13DEA72-89E3-4428-9223-E3836BDBF98F}.Release|x64.ActiveCfg = Release|Any CPU
		{F13DEA72-89E3-4428-9223-E3836BDBF98F}.Release|x64.Build.0 = Release|Any CPU
		{F13DEA72-89E3-4428-9223-E3836BDBF98F}.Release|x86.ActiveCfg = Release|Any CPU
		{F13DEA72-89E3-4428-9223-E3836BDBF98F}.Release|x86.Build.0 = Release|Any CPU
		{DBF5CA5A-67AB-49FE-AC01-4711B676591C}.Debug|Any CPU.ActiveCfg = Debug|Any CPU
		{DBF5CA5A-67AB-49FE-AC01-4711B676591C}.Debug|Any CPU.Build.0 = Debug|Any CPU
		{DBF5CA5A-67AB-49FE-AC01-4711B676591C}.Debug|x64.ActiveCfg = Debug|Any CPU
		{DBF5CA5A-67AB-49FE-AC01-4711B676591C}.Debug|x64.Build.0 = Debug|Any CPU
		{DBF5CA5A-67AB-49FE-AC01-4711B676591C}.Debug|x86.ActiveCfg = Debug|Any CPU
		{DBF5CA5A-67AB-49FE-AC01-4711B676591C}.Debug|x86.Build.0 = Debug|Any CPU
		{DBF5CA5A-67AB-49FE-AC01-4711B676591C}.Release|Any CPU.ActiveCfg = Release|Any CPU
		{DBF5CA5A-67AB-49FE-AC01-4711B676591C}.Release|Any CPU.Build.0 = Release|Any CPU
		{DBF5CA5A-67AB-49FE-AC01-4711B676591C}.Release|x64.ActiveCfg = Release|Any CPU
		{DBF5CA5A-67AB-49FE-AC01-4711B676591C}.Release|x64.Build.0 = Release|Any CPU
		{DBF5CA5A-67AB-49FE-AC01-4711B676591C}.Release|x86.ActiveCfg = Release|Any CPU
		{DBF5CA5A-67AB-49FE-AC01-4711B676591C}.Release|x86.Build.0 = Release|Any CPU
		{F3318C31-53EB-454D-B40F-96A0457325E7}.Debug|Any CPU.ActiveCfg = Debug|Any CPU
		{F3318C31-53EB-454D-B40F-96A0457325E7}.Debug|Any CPU.Build.0 = Debug|Any CPU
		{F3318C31-53EB-454D-B40F-96A0457325E7}.Debug|x64.ActiveCfg = Debug|Any CPU
		{F3318C31-53EB-454D-B40F-96A0457325E7}.Debug|x64.Build.0 = Debug|Any CPU
		{F3318C31-53EB-454D-B40F-96A0457325E7}.Debug|x86.ActiveCfg = Debug|Any CPU
		{F3318C31-53EB-454D-B40F-96A0457325E7}.Debug|x86.Build.0 = Debug|Any CPU
		{F3318C31-53EB-454D-B40F-96A0457325E7}.Release|Any CPU.ActiveCfg = Release|Any CPU
		{F3318C31-53EB-454D-B40F-96A0457325E7}.Release|Any CPU.Build.0 = Release|Any CPU
		{F3318C31-53EB-454D-B40F-96A0457325E7}.Release|x64.ActiveCfg = Release|Any CPU
		{F3318C31-53EB-454D-B40F-96A0457325E7}.Release|x64.Build.0 = Release|Any CPU
		{F3318C31-53EB-454D-B40F-96A0457325E7}.Release|x86.ActiveCfg = Release|Any CPU
		{F3318C31-53EB-454D-B40F-96A0457325E7}.Release|x86.Build.0 = Release|Any CPU
		{5F90360D-79FB-4322-A616-927BFCA8BE86}.Debug|Any CPU.ActiveCfg = Debug|Any CPU
		{5F90360D-79FB-4322-A616-927BFCA8BE86}.Debug|Any CPU.Build.0 = Debug|Any CPU
		{5F90360D-79FB-4322-A616-927BFCA8BE86}.Debug|x64.ActiveCfg = Debug|Any CPU
		{5F90360D-79FB-4322-A616-927BFCA8BE86}.Debug|x64.Build.0 = Debug|Any CPU
		{5F90360D-79FB-4322-A616-927BFCA8BE86}.Debug|x86.ActiveCfg = Debug|Any CPU
		{5F90360D-79FB-4322-A616-927BFCA8BE86}.Debug|x86.Build.0 = Debug|Any CPU
		{5F90360D-79FB-4322-A616-927BFCA8BE86}.Release|Any CPU.ActiveCfg = Release|Any CPU
		{5F90360D-79FB-4322-A616-927BFCA8BE86}.Release|Any CPU.Build.0 = Release|Any CPU
		{5F90360D-79FB-4322-A616-927BFCA8BE86}.Release|x64.ActiveCfg = Release|Any CPU
		{5F90360D-79FB-4322-A616-927BFCA8BE86}.Release|x64.Build.0 = Release|Any CPU
		{5F90360D-79FB-4322-A616-927BFCA8BE86}.Release|x86.ActiveCfg = Release|Any CPU
		{5F90360D-79FB-4322-A616-927BFCA8BE86}.Release|x86.Build.0 = Release|Any CPU
		{4426A1F1-C563-41DD-B6BD-188EE700CEC9}.Debug|Any CPU.ActiveCfg = Debug|Any CPU
		{4426A1F1-C563-41DD-B6BD-188EE700CEC9}.Debug|Any CPU.Build.0 = Debug|Any CPU
		{4426A1F1-C563-41DD-B6BD-188EE700CEC9}.Debug|x64.ActiveCfg = Debug|Any CPU
		{4426A1F1-C563-41DD-B6BD-188EE700CEC9}.Debug|x64.Build.0 = Debug|Any CPU
		{4426A1F1-C563-41DD-B6BD-188EE700CEC9}.Debug|x86.ActiveCfg = Debug|Any CPU
		{4426A1F1-C563-41DD-B6BD-188EE700CEC9}.Debug|x86.Build.0 = Debug|Any CPU
		{4426A1F1-C563-41DD-B6BD-188EE700CEC9}.Release|Any CPU.ActiveCfg = Release|Any CPU
		{4426A1F1-C563-41DD-B6BD-188EE700CEC9}.Release|Any CPU.Build.0 = Release|Any CPU
		{4426A1F1-C563-41DD-B6BD-188EE700CEC9}.Release|x64.ActiveCfg = Release|Any CPU
		{4426A1F1-C563-41DD-B6BD-188EE700CEC9}.Release|x64.Build.0 = Release|Any CPU
		{4426A1F1-C563-41DD-B6BD-188EE700CEC9}.Release|x86.ActiveCfg = Release|Any CPU
		{4426A1F1-C563-41DD-B6BD-188EE700CEC9}.Release|x86.Build.0 = Release|Any CPU
		{2D281D6F-6E71-4A12-84E7-6D1D9C971F29}.Debug|Any CPU.ActiveCfg = Debug|Any CPU
		{2D281D6F-6E71-4A12-84E7-6D1D9C971F29}.Debug|Any CPU.Build.0 = Debug|Any CPU
		{2D281D6F-6E71-4A12-84E7-6D1D9C971F29}.Debug|x64.ActiveCfg = Debug|Any CPU
		{2D281D6F-6E71-4A12-84E7-6D1D9C971F29}.Debug|x64.Build.0 = Debug|Any CPU
		{2D281D6F-6E71-4A12-84E7-6D1D9C971F29}.Debug|x86.ActiveCfg = Debug|Any CPU
		{2D281D6F-6E71-4A12-84E7-6D1D9C971F29}.Debug|x86.Build.0 = Debug|Any CPU
		{2D281D6F-6E71-4A12-84E7-6D1D9C971F29}.Release|Any CPU.ActiveCfg = Release|Any CPU
		{2D281D6F-6E71-4A12-84E7-6D1D9C971F29}.Release|Any CPU.Build.0 = Release|Any CPU
		{2D281D6F-6E71-4A12-84E7-6D1D9C971F29}.Release|x64.ActiveCfg = Release|Any CPU
		{2D281D6F-6E71-4A12-84E7-6D1D9C971F29}.Release|x64.Build.0 = Release|Any CPU
		{2D281D6F-6E71-4A12-84E7-6D1D9C971F29}.Release|x86.ActiveCfg = Release|Any CPU
		{2D281D6F-6E71-4A12-84E7-6D1D9C971F29}.Release|x86.Build.0 = Release|Any CPU
		{E587E1AC-C5E5-4CED-88A6-CC4E30DEC692}.Debug|Any CPU.ActiveCfg = Debug|Any CPU
		{E587E1AC-C5E5-4CED-88A6-CC4E30DEC692}.Debug|Any CPU.Build.0 = Debug|Any CPU
		{E587E1AC-C5E5-4CED-88A6-CC4E30DEC692}.Debug|x64.ActiveCfg = Debug|Any CPU
		{E587E1AC-C5E5-4CED-88A6-CC4E30DEC692}.Debug|x64.Build.0 = Debug|Any CPU
		{E587E1AC-C5E5-4CED-88A6-CC4E30DEC692}.Debug|x86.ActiveCfg = Debug|Any CPU
		{E587E1AC-C5E5-4CED-88A6-CC4E30DEC692}.Debug|x86.Build.0 = Debug|Any CPU
		{E587E1AC-C5E5-4CED-88A6-CC4E30DEC692}.Release|Any CPU.ActiveCfg = Release|Any CPU
		{E587E1AC-C5E5-4CED-88A6-CC4E30DEC692}.Release|Any CPU.Build.0 = Release|Any CPU
		{E587E1AC-C5E5-4CED-88A6-CC4E30DEC692}.Release|x64.ActiveCfg = Release|Any CPU
		{E587E1AC-C5E5-4CED-88A6-CC4E30DEC692}.Release|x64.Build.0 = Release|Any CPU
		{E587E1AC-C5E5-4CED-88A6-CC4E30DEC692}.Release|x86.ActiveCfg = Release|Any CPU
		{E587E1AC-C5E5-4CED-88A6-CC4E30DEC692}.Release|x86.Build.0 = Release|Any CPU
		{9E05563E-7292-4154-B6A8-A39FCB36BCEC}.Debug|Any CPU.ActiveCfg = Debug|Any CPU
		{9E05563E-7292-4154-B6A8-A39FCB36BCEC}.Debug|Any CPU.Build.0 = Debug|Any CPU
		{9E05563E-7292-4154-B6A8-A39FCB36BCEC}.Debug|x64.ActiveCfg = Debug|Any CPU
		{9E05563E-7292-4154-B6A8-A39FCB36BCEC}.Debug|x64.Build.0 = Debug|Any CPU
		{9E05563E-7292-4154-B6A8-A39FCB36BCEC}.Debug|x86.ActiveCfg = Debug|Any CPU
		{9E05563E-7292-4154-B6A8-A39FCB36BCEC}.Debug|x86.Build.0 = Debug|Any CPU
		{9E05563E-7292-4154-B6A8-A39FCB36BCEC}.Release|Any CPU.ActiveCfg = Release|Any CPU
		{9E05563E-7292-4154-B6A8-A39FCB36BCEC}.Release|Any CPU.Build.0 = Release|Any CPU
		{9E05563E-7292-4154-B6A8-A39FCB36BCEC}.Release|x64.ActiveCfg = Release|Any CPU
		{9E05563E-7292-4154-B6A8-A39FCB36BCEC}.Release|x64.Build.0 = Release|Any CPU
		{9E05563E-7292-4154-B6A8-A39FCB36BCEC}.Release|x86.ActiveCfg = Release|Any CPU
		{9E05563E-7292-4154-B6A8-A39FCB36BCEC}.Release|x86.Build.0 = Release|Any CPU
		{7FA064F1-FE1B-498E-9391-63E739D45133}.Debug|Any CPU.ActiveCfg = Debug|Any CPU
		{7FA064F1-FE1B-498E-9391-63E739D45133}.Debug|Any CPU.Build.0 = Debug|Any CPU
		{7FA064F1-FE1B-498E-9391-63E739D45133}.Debug|x64.ActiveCfg = Debug|Any CPU
		{7FA064F1-FE1B-498E-9391-63E739D45133}.Debug|x64.Build.0 = Debug|Any CPU
		{7FA064F1-FE1B-498E-9391-63E739D45133}.Debug|x86.ActiveCfg = Debug|Any CPU
		{7FA064F1-FE1B-498E-9391-63E739D45133}.Debug|x86.Build.0 = Debug|Any CPU
		{7FA064F1-FE1B-498E-9391-63E739D45133}.Release|Any CPU.ActiveCfg = Release|Any CPU
		{7FA064F1-FE1B-498E-9391-63E739D45133}.Release|Any CPU.Build.0 = Release|Any CPU
		{7FA064F1-FE1B-498E-9391-63E739D45133}.Release|x64.ActiveCfg = Release|Any CPU
		{7FA064F1-FE1B-498E-9391-63E739D45133}.Release|x64.Build.0 = Release|Any CPU
		{7FA064F1-FE1B-498E-9391-63E739D45133}.Release|x86.ActiveCfg = Release|Any CPU
		{7FA064F1-FE1B-498E-9391-63E739D45133}.Release|x86.Build.0 = Release|Any CPU
	EndGlobalSection
	GlobalSection(SolutionProperties) = preSolution
		HideSolutionNode = FALSE
	EndGlobalSection
	GlobalSection(NestedProjects) = preSolution
		{65541E0A-5B8E-4BB8-937A-FEE4D9165F5C} = {827E0CD3-B72D-47B6-A68D-7590B98EB39B}
		{1C8345D7-7CA9-4BD1-8538-E53A5FA78281} = {827E0CD3-B72D-47B6-A68D-7590B98EB39B}
		{ADC7044A-C184-4DBC-8A78-A785A3CB3362} = {827E0CD3-B72D-47B6-A68D-7590B98EB39B}
		{98B2CF5E-9369-43CB-9FC4-493648F7C5CA} = {827E0CD3-B72D-47B6-A68D-7590B98EB39B}
		{ED192F09-6AA9-427C-A80B-A980CF413796} = {827E0CD3-B72D-47B6-A68D-7590B98EB39B}
		{F13DEA72-89E3-4428-9223-E3836BDBF98F} = {0AB3BF05-4346-4AA6-1389-037BE0695223}
		{DBF5CA5A-67AB-49FE-AC01-4711B676591C} = {0AB3BF05-4346-4AA6-1389-037BE0695223}
		{F3318C31-53EB-454D-B40F-96A0457325E7} = {0AB3BF05-4346-4AA6-1389-037BE0695223}
		{5F90360D-79FB-4322-A616-927BFCA8BE86} = {0AB3BF05-4346-4AA6-1389-037BE0695223}
		{4426A1F1-C563-41DD-B6BD-188EE700CEC9} = {0AB3BF05-4346-4AA6-1389-037BE0695223}
		{2D281D6F-6E71-4A12-84E7-6D1D9C971F29} = {827E0CD3-B72D-47B6-A68D-7590B98EB39B}
		{E587E1AC-C5E5-4CED-88A6-CC4E30DEC692} = {0AB3BF05-4346-4AA6-1389-037BE0695223}
		{9E05563E-7292-4154-B6A8-A39FCB36BCEC} = {827E0CD3-B72D-47B6-A68D-7590B98EB39B}
		{7FA064F1-FE1B-498E-9391-63E739D45133} = {0AB3BF05-4346-4AA6-1389-037BE0695223}
	EndGlobalSection
EndGlobal
